{
  "version": 4,
  "terraform_version": "1.4.6",
  "serial": 188,
  "lineage": "48bd3aca-b9ee-0ce0-72d4-22322124219e",
  "outputs": {
    "ghes_admin_password": {
      "value": "AdminGithub1234",
      "type": "string"
    },
    "ghes_homepage": {
      "value": "https://13.36.234.59",
      "type": "string"
    },
    "ghes_public_ip": {
      "value": "13.36.234.59",
      "type": "string"
    },
    "ghes_setup_endpoint": {
      "value": "https://13.36.234.59:8443/setup",
      "type": "string"
    },
    "ghes_ssh_command": {
      "value": "ssh -i ~/.ssh/id_rsa -p 122 admin@13.36.234.59",
      "type": "string"
    }
  },
  "resources": [
    {
      "mode": "data",
      "type": "aws_ami",
      "name": "ghes_ami",
      "provider": "provider[\"registry.terraform.io/hashicorp/aws\"]",
      "instances": [
        {
          "schema_version": 0,
          "attributes": {
            "architecture": "x86_64",
            "arn": "arn:aws:ec2:eu-west-3::image/ami-089cd9cdc5def8fd0",
            "block_device_mappings": [
              {
                "device_name": "/dev/sda1",
                "ebs": {
                  "delete_on_termination": "true",
                  "encrypted": "false",
                  "iops": "0",
                  "snapshot_id": "snap-06aa731b94f457d48",
                  "throughput": "0",
                  "volume_size": "200",
                  "volume_type": "gp2"
                },
                "no_device": "",
                "virtual_name": ""
              }
            ],
            "boot_mode": "",
            "creation_date": "2023-10-24T19:58:40.000Z",
            "deprecation_time": "2025-10-24T19:58:40.000Z",
            "description": "",
            "ena_support": true,
            "executable_users": null,
            "filter": [
              {
                "name": "name",
                "values": [
                  "GitHub Enterprise Server 3.10.3"
                ]
              }
            ],
            "hypervisor": "xen",
            "id": "ami-089cd9cdc5def8fd0",
            "image_id": "ami-089cd9cdc5def8fd0",
            "image_location": "895557238572/GitHub Enterprise Server 3.10.3",
            "image_owner_alias": "",
            "image_type": "machine",
            "imds_support": "",
            "include_deprecated": false,
            "kernel_id": "",
            "most_recent": true,
            "name": "GitHub Enterprise Server 3.10.3",
            "name_regex": null,
            "owner_id": "895557238572",
            "owners": [
              "895557238572"
            ],
            "platform": "",
            "platform_details": "Linux/UNIX",
            "product_codes": [],
            "public": true,
            "ramdisk_id": "",
            "root_device_name": "/dev/sda1",
            "root_device_type": "ebs",
            "root_snapshot_id": "snap-06aa731b94f457d48",
            "sriov_net_support": "simple",
            "state": "available",
            "state_reason": {
              "code": "UNSET",
              "message": "UNSET"
            },
            "tags": {},
            "timeouts": null,
            "tpm_support": "",
            "usage_operation": "RunInstances",
            "virtualization_type": "hvm"
          },
          "sensitive_attributes": []
        }
      ]
    },
    {
      "mode": "managed",
      "type": "aws_ebs_volume",
      "name": "ghes_ebs_data",
      "provider": "provider[\"registry.terraform.io/hashicorp/aws\"]",
      "instances": [
        {
          "schema_version": 0,
          "attributes": {
            "arn": "arn:aws:ec2:eu-west-3:066866130858:volume/vol-0a3365bcd359667a6",
            "availability_zone": "eu-west-3a",
            "encrypted": false,
            "final_snapshot": false,
            "id": "vol-0a3365bcd359667a6",
            "iops": 450,
            "kms_key_id": "",
            "multi_attach_enabled": false,
            "outpost_arn": "",
            "size": 150,
            "snapshot_id": "",
            "tags": {
              "Name": "tdupoiron-ghes-ebs-data-tf"
            },
            "tags_all": {
              "Name": "tdupoiron-ghes-ebs-data-tf"
            },
            "throughput": 0,
            "timeouts": null,
            "type": "gp2"
          },
          "sensitive_attributes": [],
          "private": "eyJlMmJmYjczMC1lY2FhLTExZTYtOGY4OC0zNDM2M2JjN2M0YzAiOnsiY3JlYXRlIjozMDAwMDAwMDAwMDAsImRlbGV0ZSI6MzAwMDAwMDAwMDAwLCJ1cGRhdGUiOjMwMDAwMDAwMDAwMH19"
        }
      ]
    },
    {
      "mode": "managed",
      "type": "aws_ebs_volume",
      "name": "ghes_ebs_root",
      "provider": "provider[\"registry.terraform.io/hashicorp/aws\"]",
      "instances": [
        {
          "schema_version": 0,
          "attributes": {
            "arn": "arn:aws:ec2:eu-west-3:066866130858:volume/vol-07497b749c551104d",
            "availability_zone": "eu-west-3a",
            "encrypted": false,
            "final_snapshot": false,
            "id": "vol-07497b749c551104d",
            "iops": 600,
            "kms_key_id": "",
            "multi_attach_enabled": false,
            "outpost_arn": "",
            "size": 200,
            "snapshot_id": "",
            "tags": {
              "Name": "tdupoiron-ghes-ebs-root-tf"
            },
            "tags_all": {
              "Name": "tdupoiron-ghes-ebs-root-tf"
            },
            "throughput": 0,
            "timeouts": null,
            "type": "gp2"
          },
          "sensitive_attributes": [],
          "private": "eyJlMmJmYjczMC1lY2FhLTExZTYtOGY4OC0zNDM2M2JjN2M0YzAiOnsiY3JlYXRlIjozMDAwMDAwMDAwMDAsImRlbGV0ZSI6MzAwMDAwMDAwMDAwLCJ1cGRhdGUiOjMwMDAwMDAwMDAwMH19"
        }
      ]
    },
    {
      "mode": "managed",
      "type": "aws_instance",
      "name": "ghes_ec2",
      "provider": "provider[\"registry.terraform.io/hashicorp/aws\"]",
      "instances": [
        {
          "schema_version": 1,
          "attributes": {
            "ami": "ami-089cd9cdc5def8fd0",
            "arn": "arn:aws:ec2:eu-west-3:066866130858:instance/i-0d0cb8077386db333",
            "associate_public_ip_address": true,
            "availability_zone": "eu-west-3a",
            "capacity_reservation_specification": [
              {
                "capacity_reservation_preference": "open",
                "capacity_reservation_target": []
              }
            ],
            "cpu_core_count": 8,
            "cpu_options": [
              {
                "amd_sev_snp": "",
                "core_count": 8,
                "threads_per_core": 2
              }
            ],
            "cpu_threads_per_core": 2,
            "credit_specification": [],
            "disable_api_stop": false,
            "disable_api_termination": false,
            "ebs_block_device": [],
            "ebs_optimized": false,
            "enclave_options": [
              {
                "enabled": false
              }
            ],
            "ephemeral_block_device": [],
            "get_password_data": false,
            "hibernation": false,
            "host_id": "",
            "host_resource_group_arn": null,
            "iam_instance_profile": "",
            "id": "i-0d0cb8077386db333",
            "instance_initiated_shutdown_behavior": "stop",
            "instance_lifecycle": "",
            "instance_market_options": [],
            "instance_state": "running",
            "instance_type": "m5.4xlarge",
            "ipv6_address_count": 0,
            "ipv6_addresses": [],
            "key_name": "tdupoiron-ghes-kp-tf",
            "launch_template": [],
            "maintenance_options": [
              {
                "auto_recovery": "default"
              }
            ],
            "metadata_options": [
              {
                "http_endpoint": "enabled",
                "http_protocol_ipv6": "disabled",
                "http_put_response_hop_limit": 1,
                "http_tokens": "optional",
                "instance_metadata_tags": "disabled"
              }
            ],
            "monitoring": false,
            "network_interface": [],
            "outpost_arn": "",
            "password_data": "",
            "placement_group": "",
            "placement_partition_number": 0,
            "primary_network_interface_id": "eni-01ee5e91035efd239",
            "private_dns": "ip-10-0-1-172.eu-west-3.compute.internal",
            "private_dns_name_options": [
              {
                "enable_resource_name_dns_a_record": false,
                "enable_resource_name_dns_aaaa_record": false,
                "hostname_type": "ip-name"
              }
            ],
            "private_ip": "10.0.1.172",
            "public_dns": "",
            "public_ip": "13.36.234.59",
            "root_block_device": [
              {
                "delete_on_termination": true,
                "device_name": "/dev/sda1",
                "encrypted": false,
                "iops": 600,
                "kms_key_id": "",
                "tags": {},
                "throughput": 0,
                "volume_id": "vol-02c59ed6884568031",
                "volume_size": 200,
                "volume_type": "gp2"
              }
            ],
            "secondary_private_ips": [],
            "security_groups": [],
            "source_dest_check": true,
            "spot_instance_request_id": "",
            "subnet_id": "subnet-09a54f718d9c41aed",
            "tags": {
              "Name": "tdupoiron-ghes-tf",
              "Owner": "tdupoiron"
            },
            "tags_all": {
              "Name": "tdupoiron-ghes-tf",
              "Owner": "tdupoiron"
            },
            "tenancy": "default",
            "timeouts": null,
            "user_data": null,
            "user_data_base64": null,
            "user_data_replace_on_change": false,
            "volume_tags": null,
            "vpc_security_group_ids": [
              "sg-03bb8458501aa101b"
            ]
          },
          "sensitive_attributes": [],
          "private": "eyJlMmJmYjczMC1lY2FhLTExZTYtOGY4OC0zNDM2M2JjN2M0YzAiOnsiY3JlYXRlIjo2MDAwMDAwMDAwMDAsImRlbGV0ZSI6MTIwMDAwMDAwMDAwMCwidXBkYXRlIjo2MDAwMDAwMDAwMDB9LCJzY2hlbWFfdmVyc2lvbiI6IjEifQ==",
          "dependencies": [
            "aws_key_pair.ghes_kp",
            "aws_security_group.ghes_sg",
            "aws_subnet.ghes_subnet",
            "aws_vpc.ghes_vpc",
            "data.aws_ami.ghes_ami"
          ]
        }
      ]
    },
    {
      "mode": "managed",
      "type": "aws_internet_gateway",
      "name": "ghes_igw",
      "provider": "provider[\"registry.terraform.io/hashicorp/aws\"]",
      "instances": [
        {
          "schema_version": 0,
          "attributes": {
            "arn": "arn:aws:ec2:eu-west-3:066866130858:internet-gateway/igw-08edb207780af27bd",
            "id": "igw-08edb207780af27bd",
            "owner_id": "066866130858",
            "tags": {
              "Name": "tdupoiron-ghes-igw-tf"
            },
            "tags_all": {
              "Name": "tdupoiron-ghes-igw-tf"
            },
            "timeouts": null,
            "vpc_id": "vpc-0092d4bde59e1daf7"
          },
          "sensitive_attributes": [],
          "private": "eyJlMmJmYjczMC1lY2FhLTExZTYtOGY4OC0zNDM2M2JjN2M0YzAiOnsiY3JlYXRlIjoxMjAwMDAwMDAwMDAwLCJkZWxldGUiOjEyMDAwMDAwMDAwMDAsInVwZGF0ZSI6MTIwMDAwMDAwMDAwMH19",
          "dependencies": [
            "aws_vpc.ghes_vpc"
          ]
        }
      ]
    },
    {
      "mode": "managed",
      "type": "aws_key_pair",
      "name": "ghes_kp",
      "provider": "provider[\"registry.terraform.io/hashicorp/aws\"]",
      "instances": [
        {
          "schema_version": 1,
          "attributes": {
            "arn": "arn:aws:ec2:eu-west-3:066866130858:key-pair/tdupoiron-ghes-kp-tf",
            "fingerprint": "2e:ef:64:3f:f1:8f:08:a9:c3:e3:f0:66:98:52:4e:15",
            "id": "tdupoiron-ghes-kp-tf",
            "key_name": "tdupoiron-ghes-kp-tf",
            "key_name_prefix": "",
            "key_pair_id": "key-077aba7955b3e12c4",
            "key_type": "rsa",
            "public_key": "ssh-rsa AAAAB3NzaC1yc2EAAAADAQABAAABgQDMJx9v5fr7TZ10q0uzqNpbVs49G5AiYZzxzDsV0/xH32magdtoFSKHO9CsTAtzt+mouO8QraE0pB0Tn7MsQuoQ8+e4vIOmpH8+WdFp3TsPnF3sOs7AR6MVDulY865zZrsV5O/R3bF5K5OsmAQC8V3WXI4TT+FRrZ3ZQ5ofTrrf7J7aTNc+frme6nNk4esfh/2EotTIaH1OoTKU0pxrZK3vH+zrvqdujrCLta2+CzxSheCgvNSjw3Jft0o6cJ7VyNBzdWPLuEKKgyz0uf6JlWiYLQxQeZsbVcsgAwTJVg3HMuB5iqDDvOpI8nRA7pKmsn7NaUB7iKIMGEH27XCDPVYaS8l4LBOwKYwrr+NKsxJfe9dmTshbsrMkOOc5E8nll5P62nU1bBRGLLeJAYhQTo2g6DKS2tl8MevPxPaQsxnAkCEfOI/cKRf5r4n6oQq3w1zUiPBz7uXZybQ0J/WDEtE442KedSkfxYZtLIXWKOsV1ZROANrQedvmMdKAuP5T+3M= vscode@codespaces-03f6b4",
            "tags": null,
            "tags_all": {}
          },
          "sensitive_attributes": [],
          "private": "eyJzY2hlbWFfdmVyc2lvbiI6IjEifQ=="
        }
      ]
    },
    {
      "mode": "managed",
      "type": "aws_route_table",
      "name": "ghes_rtb",
      "provider": "provider[\"registry.terraform.io/hashicorp/aws\"]",
      "instances": [
        {
          "schema_version": 0,
          "attributes": {
            "arn": "arn:aws:ec2:eu-west-3:066866130858:route-table/rtb-025a2266fe2567646",
            "id": "rtb-025a2266fe2567646",
            "owner_id": "066866130858",
            "propagating_vgws": [],
            "route": [
              {
                "carrier_gateway_id": "",
                "cidr_block": "0.0.0.0/0",
                "core_network_arn": "",
                "destination_prefix_list_id": "",
                "egress_only_gateway_id": "",
                "gateway_id": "igw-08edb207780af27bd",
                "ipv6_cidr_block": "",
                "local_gateway_id": "",
                "nat_gateway_id": "",
                "network_interface_id": "",
                "transit_gateway_id": "",
                "vpc_endpoint_id": "",
                "vpc_peering_connection_id": ""
              }
            ],
            "tags": {
              "Name": "tdupoiron-ghes-rtb-tf"
            },
            "tags_all": {
              "Name": "tdupoiron-ghes-rtb-tf"
            },
            "timeouts": null,
            "vpc_id": "vpc-0092d4bde59e1daf7"
          },
          "sensitive_attributes": [],
          "private": "eyJlMmJmYjczMC1lY2FhLTExZTYtOGY4OC0zNDM2M2JjN2M0YzAiOnsiY3JlYXRlIjozMDAwMDAwMDAwMDAsImRlbGV0ZSI6MzAwMDAwMDAwMDAwLCJ1cGRhdGUiOjEyMDAwMDAwMDAwMH19",
          "dependencies": [
            "aws_internet_gateway.ghes_igw",
            "aws_vpc.ghes_vpc"
          ]
        }
      ]
    },
    {
      "mode": "managed",
      "type": "aws_route_table_association",
      "name": "ghes_route_table_association",
      "provider": "provider[\"registry.terraform.io/hashicorp/aws\"]",
      "instances": [
        {
          "schema_version": 0,
          "attributes": {
            "gateway_id": "",
            "id": "rtbassoc-069214ac62383bb42",
            "route_table_id": "rtb-025a2266fe2567646",
            "subnet_id": "subnet-09a54f718d9c41aed",
            "timeouts": null
          },
          "sensitive_attributes": [],
          "private": "eyJlMmJmYjczMC1lY2FhLTExZTYtOGY4OC0zNDM2M2JjN2M0YzAiOnsiY3JlYXRlIjozMDAwMDAwMDAwMDAsImRlbGV0ZSI6MzAwMDAwMDAwMDAwLCJ1cGRhdGUiOjEyMDAwMDAwMDAwMH19",
          "dependencies": [
            "aws_internet_gateway.ghes_igw",
            "aws_route_table.ghes_rtb",
            "aws_subnet.ghes_subnet",
            "aws_vpc.ghes_vpc"
          ]
        }
      ]
    },
    {
      "mode": "managed",
      "type": "aws_security_group",
      "name": "ghes_sg",
      "provider": "provider[\"registry.terraform.io/hashicorp/aws\"]",
      "instances": [
        {
          "schema_version": 1,
          "attributes": {
            "arn": "arn:aws:ec2:eu-west-3:066866130858:security-group/sg-03bb8458501aa101b",
            "description": "Managed by Terraform",
            "egress": [
              {
                "cidr_blocks": [
                  "0.0.0.0/0"
                ],
                "description": "",
                "from_port": 0,
                "ipv6_cidr_blocks": [],
                "prefix_list_ids": [],
                "protocol": "-1",
                "security_groups": [],
                "self": false,
                "to_port": 0
              }
            ],
            "id": "sg-03bb8458501aa101b",
            "ingress": [
              {
                "cidr_blocks": [
                  "0.0.0.0/0"
                ],
                "description": "",
                "from_port": 122,
                "ipv6_cidr_blocks": [],
                "prefix_list_ids": [],
                "protocol": "tcp",
                "security_groups": [],
                "self": false,
                "to_port": 122
              },
              {
                "cidr_blocks": [
                  "0.0.0.0/0"
                ],
                "description": "",
                "from_port": 22,
                "ipv6_cidr_blocks": [],
                "prefix_list_ids": [],
                "protocol": "tcp",
                "security_groups": [],
                "self": false,
                "to_port": 22
              },
              {
                "cidr_blocks": [
                  "0.0.0.0/0"
                ],
                "description": "",
                "from_port": 443,
                "ipv6_cidr_blocks": [],
                "prefix_list_ids": [],
                "protocol": "tcp",
                "security_groups": [],
                "self": false,
                "to_port": 443
              },
              {
                "cidr_blocks": [
                  "0.0.0.0/0"
                ],
                "description": "",
                "from_port": 8080,
                "ipv6_cidr_blocks": [],
                "prefix_list_ids": [],
                "protocol": "tcp",
                "security_groups": [],
                "self": false,
                "to_port": 8080
              },
              {
                "cidr_blocks": [
                  "0.0.0.0/0"
                ],
                "description": "",
                "from_port": 80,
                "ipv6_cidr_blocks": [],
                "prefix_list_ids": [],
                "protocol": "tcp",
                "security_groups": [],
                "self": false,
                "to_port": 80
              },
              {
                "cidr_blocks": [
                  "0.0.0.0/0"
                ],
                "description": "",
                "from_port": 8443,
                "ipv6_cidr_blocks": [],
                "prefix_list_ids": [],
                "protocol": "tcp",
                "security_groups": [],
                "self": false,
                "to_port": 8443
              }
            ],
            "name": "tdupoiron-ghes-sg-tf",
            "name_prefix": "",
            "owner_id": "066866130858",
            "revoke_rules_on_delete": false,
            "tags": {
              "Name": "tdupoiron-ghes-sg-tf",
              "Owner": "tdupoiron"
            },
            "tags_all": {
              "Name": "tdupoiron-ghes-sg-tf",
              "Owner": "tdupoiron"
            },
            "timeouts": null,
            "vpc_id": "vpc-0092d4bde59e1daf7"
          },
          "sensitive_attributes": [],
          "private": "eyJlMmJmYjczMC1lY2FhLTExZTYtOGY4OC0zNDM2M2JjN2M0YzAiOnsiY3JlYXRlIjo2MDAwMDAwMDAwMDAsImRlbGV0ZSI6OTAwMDAwMDAwMDAwfSwic2NoZW1hX3ZlcnNpb24iOiIxIn0=",
          "dependencies": [
            "aws_vpc.ghes_vpc"
          ]
        }
      ]
    },
    {
      "mode": "managed",
      "type": "aws_subnet",
      "name": "ghes_subnet",
      "provider": "provider[\"registry.terraform.io/hashicorp/aws\"]",
      "instances": [
        {
          "schema_version": 1,
          "attributes": {
            "arn": "arn:aws:ec2:eu-west-3:066866130858:subnet/subnet-09a54f718d9c41aed",
            "assign_ipv6_address_on_creation": false,
            "availability_zone": "eu-west-3a",
            "availability_zone_id": "euw3-az1",
            "cidr_block": "10.0.1.0/24",
            "customer_owned_ipv4_pool": "",
            "enable_dns64": false,
            "enable_lni_at_device_index": 0,
            "enable_resource_name_dns_a_record_on_launch": false,
            "enable_resource_name_dns_aaaa_record_on_launch": false,
            "id": "subnet-09a54f718d9c41aed",
            "ipv6_cidr_block": "",
            "ipv6_cidr_block_association_id": "",
            "ipv6_native": false,
            "map_customer_owned_ip_on_launch": false,
            "map_public_ip_on_launch": false,
            "outpost_arn": "",
            "owner_id": "066866130858",
            "private_dns_hostname_type_on_launch": "ip-name",
            "tags": {
              "Name": "tdupoiron-ghes-subnet-tf"
            },
            "tags_all": {
              "Name": "tdupoiron-ghes-subnet-tf"
            },
            "timeouts": null,
            "vpc_id": "vpc-0092d4bde59e1daf7"
          },
          "sensitive_attributes": [],
          "private": "eyJlMmJmYjczMC1lY2FhLTExZTYtOGY4OC0zNDM2M2JjN2M0YzAiOnsiY3JlYXRlIjo2MDAwMDAwMDAwMDAsImRlbGV0ZSI6MTIwMDAwMDAwMDAwMH0sInNjaGVtYV92ZXJzaW9uIjoiMSJ9",
          "dependencies": [
            "aws_vpc.ghes_vpc"
          ]
        }
      ]
    },
    {
      "mode": "managed",
      "type": "aws_volume_attachment",
      "name": "ghes_ebs_attachment_data",
      "provider": "provider[\"registry.terraform.io/hashicorp/aws\"]",
      "instances": [
        {
          "schema_version": 0,
          "attributes": {
            "device_name": "/dev/sdh",
            "force_detach": null,
            "id": "vai-3403711057",
            "instance_id": "i-0d0cb8077386db333",
            "skip_destroy": null,
            "stop_instance_before_detaching": null,
            "timeouts": null,
            "volume_id": "vol-0a3365bcd359667a6"
          },
          "sensitive_attributes": [],
          "private": "eyJlMmJmYjczMC1lY2FhLTExZTYtOGY4OC0zNDM2M2JjN2M0YzAiOnsiY3JlYXRlIjozMDAwMDAwMDAwMDAsImRlbGV0ZSI6MzAwMDAwMDAwMDAwfX0=",
          "dependencies": [
            "aws_ebs_volume.ghes_ebs_data",
            "aws_instance.ghes_ec2",
            "aws_key_pair.ghes_kp",
            "aws_security_group.ghes_sg",
            "aws_subnet.ghes_subnet",
            "aws_vpc.ghes_vpc",
            "data.aws_ami.ghes_ami"
          ]
        }
      ]
    },
    {
      "mode": "managed",
      "type": "aws_vpc",
      "name": "ghes_vpc",
      "provider": "provider[\"registry.terraform.io/hashicorp/aws\"]",
      "instances": [
        {
          "schema_version": 1,
          "attributes": {
            "arn": "arn:aws:ec2:eu-west-3:066866130858:vpc/vpc-0092d4bde59e1daf7",
            "assign_generated_ipv6_cidr_block": false,
            "cidr_block": "10.0.0.0/16",
            "default_network_acl_id": "acl-0dfd7b24c46d551c3",
            "default_route_table_id": "rtb-0206dff576a5f0195",
            "default_security_group_id": "sg-0458c6a8887f7860e",
            "dhcp_options_id": "dopt-6581530d",
            "enable_dns_hostnames": false,
            "enable_dns_support": true,
            "enable_network_address_usage_metrics": false,
            "id": "vpc-0092d4bde59e1daf7",
            "instance_tenancy": "default",
            "ipv4_ipam_pool_id": null,
            "ipv4_netmask_length": null,
            "ipv6_association_id": "",
            "ipv6_cidr_block": "",
            "ipv6_cidr_block_network_border_group": "",
            "ipv6_ipam_pool_id": "",
            "ipv6_netmask_length": 0,
            "main_route_table_id": "rtb-0206dff576a5f0195",
            "owner_id": "066866130858",
            "tags": {
              "Name": "tdupoiron-ghes-vpc-tf"
            },
            "tags_all": {
              "Name": "tdupoiron-ghes-vpc-tf"
            }
          },
          "sensitive_attributes": [],
          "private": "eyJzY2hlbWFfdmVyc2lvbiI6IjEifQ=="
        }
      ]
    }
  ],
  "check_results": null
}
