{
  "version": 4,
  "terraform_version": "1.4.6",
  "serial": 115,
  "lineage": "48bd3aca-b9ee-0ce0-72d4-22322124219e",
  "outputs": {
    "ghes_admin_password": {
      "value": "AdminGithub1234",
      "type": "string"
    },
    "ghes_homepage": {
      "value": "https://15.236.226.0",
      "type": "string"
    },
    "ghes_public_ip": {
      "value": "15.236.226.0",
      "type": "string"
    },
    "ghes_setup_endpoint": {
      "value": "https://15.236.226.0:8443/setup",
      "type": "string"
    },
    "ghes_ssh_command": {
      "value": "ssh -i ~/.ssh/id_rsa -p 122 admin@15.236.226.0",
      "type": "string"
    }
  },
  "resources": [
    {
      "mode": "data",
      "type": "aws_ami",
      "name": "ghes_ami",
      "provider": "provider[\"registry.terraform.io/hashicorp/aws\"]",
      "instances": [
        {
          "schema_version": 0,
          "attributes": {
            "architecture": "x86_64",
            "arn": "arn:aws:ec2:eu-west-3::image/ami-089cd9cdc5def8fd0",
            "block_device_mappings": [
              {
                "device_name": "/dev/sda1",
                "ebs": {
                  "delete_on_termination": "true",
                  "encrypted": "false",
                  "iops": "0",
                  "snapshot_id": "snap-06aa731b94f457d48",
                  "throughput": "0",
                  "volume_size": "200",
                  "volume_type": "gp2"
                },
                "no_device": "",
                "virtual_name": ""
              }
            ],
            "boot_mode": "",
            "creation_date": "2023-10-24T19:58:40.000Z",
            "deprecation_time": "2025-10-24T19:58:40.000Z",
            "description": "",
            "ena_support": true,
            "executable_users": null,
            "filter": [
              {
                "name": "name",
                "values": [
                  "GitHub Enterprise Server 3.10.3"
                ]
              }
            ],
            "hypervisor": "xen",
            "id": "ami-089cd9cdc5def8fd0",
            "image_id": "ami-089cd9cdc5def8fd0",
            "image_location": "895557238572/GitHub Enterprise Server 3.10.3",
            "image_owner_alias": "",
            "image_type": "machine",
            "imds_support": "",
            "include_deprecated": false,
            "kernel_id": "",
            "most_recent": true,
            "name": "GitHub Enterprise Server 3.10.3",
            "name_regex": null,
            "owner_id": "895557238572",
            "owners": [
              "895557238572"
            ],
            "platform": "",
            "platform_details": "Linux/UNIX",
            "product_codes": [],
            "public": true,
            "ramdisk_id": "",
            "root_device_name": "/dev/sda1",
            "root_device_type": "ebs",
            "root_snapshot_id": "snap-06aa731b94f457d48",
            "sriov_net_support": "simple",
            "state": "available",
            "state_reason": {
              "code": "UNSET",
              "message": "UNSET"
            },
            "tags": {},
            "timeouts": null,
            "tpm_support": "",
            "usage_operation": "RunInstances",
            "virtualization_type": "hvm"
          },
          "sensitive_attributes": []
        }
      ]
    },
    {
      "mode": "managed",
      "type": "aws_ebs_volume",
      "name": "ghes_data_ebs",
      "provider": "provider[\"registry.terraform.io/hashicorp/aws\"]",
      "instances": [
        {
          "schema_version": 0,
          "attributes": {
            "arn": "arn:aws:ec2:eu-west-3:066866130858:volume/vol-0578932c5dd5c723d",
            "availability_zone": "eu-west-3a",
            "encrypted": false,
            "final_snapshot": false,
            "id": "vol-0578932c5dd5c723d",
            "iops": 450,
            "kms_key_id": "",
            "multi_attach_enabled": false,
            "outpost_arn": "",
            "size": 150,
            "snapshot_id": "",
            "tags": {
              "Name": "tdupoiron-ghes-data"
            },
            "tags_all": {
              "Name": "tdupoiron-ghes-data"
            },
            "throughput": 0,
            "timeouts": null,
            "type": "gp2"
          },
          "sensitive_attributes": [],
          "private": "eyJlMmJmYjczMC1lY2FhLTExZTYtOGY4OC0zNDM2M2JjN2M0YzAiOnsiY3JlYXRlIjozMDAwMDAwMDAwMDAsImRlbGV0ZSI6MzAwMDAwMDAwMDAwLCJ1cGRhdGUiOjMwMDAwMDAwMDAwMH19"
        }
      ]
    },
    {
      "mode": "managed",
      "type": "aws_instance",
      "name": "ghes_ec2",
      "provider": "provider[\"registry.terraform.io/hashicorp/aws\"]",
      "instances": [
        {
          "schema_version": 1,
          "attributes": {
            "ami": "ami-089cd9cdc5def8fd0",
            "arn": "arn:aws:ec2:eu-west-3:066866130858:instance/i-055bc7126ab3305fc",
            "associate_public_ip_address": true,
            "availability_zone": "eu-west-3a",
            "capacity_reservation_specification": [
              {
                "capacity_reservation_preference": "open",
                "capacity_reservation_target": []
              }
            ],
            "cpu_core_count": 8,
            "cpu_options": [
              {
                "amd_sev_snp": "",
                "core_count": 8,
                "threads_per_core": 2
              }
            ],
            "cpu_threads_per_core": 2,
            "credit_specification": [],
            "disable_api_stop": false,
            "disable_api_termination": false,
            "ebs_block_device": [],
            "ebs_optimized": false,
            "enclave_options": [
              {
                "enabled": false
              }
            ],
            "ephemeral_block_device": [],
            "get_password_data": false,
            "hibernation": false,
            "host_id": "",
            "host_resource_group_arn": null,
            "iam_instance_profile": "",
            "id": "i-055bc7126ab3305fc",
            "instance_initiated_shutdown_behavior": "stop",
            "instance_lifecycle": "",
            "instance_market_options": [],
            "instance_state": "running",
            "instance_type": "m5.4xlarge",
            "ipv6_address_count": 0,
            "ipv6_addresses": [],
            "key_name": "tdupoiron-ghes-kp",
            "launch_template": [],
            "maintenance_options": [
              {
                "auto_recovery": "default"
              }
            ],
            "metadata_options": [
              {
                "http_endpoint": "enabled",
                "http_protocol_ipv6": "disabled",
                "http_put_response_hop_limit": 1,
                "http_tokens": "optional",
                "instance_metadata_tags": "disabled"
              }
            ],
            "monitoring": false,
            "network_interface": [],
            "outpost_arn": "",
            "password_data": "",
            "placement_group": "",
            "placement_partition_number": 0,
            "primary_network_interface_id": "eni-051b663033c5ffe1e",
            "private_dns": "ip-172-31-28-33.eu-west-3.compute.internal",
            "private_dns_name_options": [
              {
                "enable_resource_name_dns_a_record": false,
                "enable_resource_name_dns_aaaa_record": false,
                "hostname_type": "ip-name"
              }
            ],
            "private_ip": "172.31.28.33",
            "public_dns": "ec2-15-236-226-0.eu-west-3.compute.amazonaws.com",
            "public_ip": "15.236.226.0",
            "root_block_device": [
              {
                "delete_on_termination": true,
                "device_name": "/dev/sda1",
                "encrypted": false,
                "iops": 600,
                "kms_key_id": "",
                "tags": null,
                "throughput": 0,
                "volume_id": "vol-027e0a6fbc42619a5",
                "volume_size": 200,
                "volume_type": "gp2"
              }
            ],
            "secondary_private_ips": [],
            "security_groups": [
              "tdupoiron-ghes-sg"
            ],
            "source_dest_check": true,
            "spot_instance_request_id": "",
            "subnet_id": "subnet-0a336385454dd8884",
            "tags": {
              "Name": "tdupoiron-ghes-tf",
              "Owner": "tdupoiron"
            },
            "tags_all": {
              "Name": "tdupoiron-ghes-tf",
              "Owner": "tdupoiron"
            },
            "tenancy": "default",
            "timeouts": null,
            "user_data": null,
            "user_data_base64": null,
            "user_data_replace_on_change": false,
            "volume_tags": null,
            "vpc_security_group_ids": [
              "sg-080294b202d5fd7f7"
            ]
          },
          "sensitive_attributes": [],
          "private": "eyJlMmJmYjczMC1lY2FhLTExZTYtOGY4OC0zNDM2M2JjN2M0YzAiOnsiY3JlYXRlIjo2MDAwMDAwMDAwMDAsImRlbGV0ZSI6MTIwMDAwMDAwMDAwMCwidXBkYXRlIjo2MDAwMDAwMDAwMDB9LCJzY2hlbWFfdmVyc2lvbiI6IjEifQ==",
          "dependencies": [
            "aws_key_pair.ghes_kp",
            "aws_security_group.ghes_sg",
            "data.aws_ami.ghes_ami"
          ]
        }
      ]
    },
    {
      "mode": "managed",
      "type": "aws_key_pair",
      "name": "ghes_kp",
      "provider": "provider[\"registry.terraform.io/hashicorp/aws\"]",
      "instances": [
        {
          "schema_version": 1,
          "attributes": {
            "arn": "arn:aws:ec2:eu-west-3:066866130858:key-pair/tdupoiron-ghes-kp",
            "fingerprint": "7e:10:1b:14:e5:6e:3a:07:fd:5a:84:31:0d:f7:04:fb",
            "id": "tdupoiron-ghes-kp",
            "key_name": "tdupoiron-ghes-kp",
            "key_name_prefix": "",
            "key_pair_id": "key-0a568755262fc585a",
            "key_type": "rsa",
            "public_key": "ssh-rsa AAAAB3NzaC1yc2EAAAADAQABAAABgQC5tK9O/308QQ25L7J639GpfhFbkrD+8LeGpYkcuEWGiJZeGhtTGpZ0qSF5zAkVDL2DpoZToJqzCDclE2eujcfttQeAfbE8clGzA8rBtip0od5a8Ew81K3osQkCws+AOv4afCcOzZ7RXehrGvP2NCdGeHDOuco6ZWrhHJj9cUNteGuMAK7quh+DxUUDSr3FC5lPjyVe//kN5FjjWLls2lv9VgXuAAJpJU8WRC28X8F02WPP8IL+o1ZmJsgqsm05y6aeRoKBdqI+fC7nwgHf6T8n6C8/gyTRYg2tmlcyafjfRjJXSKanB3ze2AHDpKw7x90CLyitxaj4d+KAoX94IkI7aUvV/rm+gPUYYuLT0AhimGehhj/aqR8LcFtGBE6J+9SRxQDGq/n5dCle1lugCMAcDa3aJdt7vXDWSSyTJE+TAfoM8hhSq4m9bMlqHceRe9fVBCriY3al9gpXZv1hRmSAmiCrxQ0NnxyA4nKJbxxsqJIOGRTGcwrnsBPXfZbHLJc= vscode@codespaces-43cc41",
            "tags": {},
            "tags_all": {}
          },
          "sensitive_attributes": [],
          "private": "eyJzY2hlbWFfdmVyc2lvbiI6IjEifQ=="
        }
      ]
    },
    {
      "mode": "managed",
      "type": "aws_security_group",
      "name": "ghes_sg",
      "provider": "provider[\"registry.terraform.io/hashicorp/aws\"]",
      "instances": [
        {
          "schema_version": 1,
          "attributes": {
            "arn": "arn:aws:ec2:eu-west-3:066866130858:security-group/sg-080294b202d5fd7f7",
            "description": "Managed by Terraform",
            "egress": [
              {
                "cidr_blocks": [
                  "0.0.0.0/0"
                ],
                "description": "",
                "from_port": 0,
                "ipv6_cidr_blocks": [],
                "prefix_list_ids": [],
                "protocol": "-1",
                "security_groups": [],
                "self": false,
                "to_port": 0
              }
            ],
            "id": "sg-080294b202d5fd7f7",
            "ingress": [
              {
                "cidr_blocks": [
                  "0.0.0.0/0"
                ],
                "description": "",
                "from_port": 122,
                "ipv6_cidr_blocks": [],
                "prefix_list_ids": [],
                "protocol": "tcp",
                "security_groups": [],
                "self": false,
                "to_port": 122
              },
              {
                "cidr_blocks": [
                  "0.0.0.0/0"
                ],
                "description": "",
                "from_port": 22,
                "ipv6_cidr_blocks": [],
                "prefix_list_ids": [],
                "protocol": "tcp",
                "security_groups": [],
                "self": false,
                "to_port": 22
              },
              {
                "cidr_blocks": [
                  "0.0.0.0/0"
                ],
                "description": "",
                "from_port": 443,
                "ipv6_cidr_blocks": [],
                "prefix_list_ids": [],
                "protocol": "tcp",
                "security_groups": [],
                "self": false,
                "to_port": 443
              },
              {
                "cidr_blocks": [
                  "0.0.0.0/0"
                ],
                "description": "",
                "from_port": 8080,
                "ipv6_cidr_blocks": [],
                "prefix_list_ids": [],
                "protocol": "tcp",
                "security_groups": [],
                "self": false,
                "to_port": 8080
              },
              {
                "cidr_blocks": [
                  "0.0.0.0/0"
                ],
                "description": "",
                "from_port": 80,
                "ipv6_cidr_blocks": [],
                "prefix_list_ids": [],
                "protocol": "tcp",
                "security_groups": [],
                "self": false,
                "to_port": 80
              },
              {
                "cidr_blocks": [
                  "0.0.0.0/0"
                ],
                "description": "",
                "from_port": 8443,
                "ipv6_cidr_blocks": [],
                "prefix_list_ids": [],
                "protocol": "tcp",
                "security_groups": [],
                "self": false,
                "to_port": 8443
              }
            ],
            "name": "tdupoiron-ghes-sg",
            "name_prefix": "",
            "owner_id": "066866130858",
            "revoke_rules_on_delete": false,
            "tags": {
              "Name": "tdupoiron-ghes-sg",
              "Owner": "tdupoiron"
            },
            "tags_all": {
              "Name": "tdupoiron-ghes-sg",
              "Owner": "tdupoiron"
            },
            "timeouts": null,
            "vpc_id": "vpc-894c86e1"
          },
          "sensitive_attributes": [],
          "private": "eyJlMmJmYjczMC1lY2FhLTExZTYtOGY4OC0zNDM2M2JjN2M0YzAiOnsiY3JlYXRlIjo2MDAwMDAwMDAwMDAsImRlbGV0ZSI6OTAwMDAwMDAwMDAwfSwic2NoZW1hX3ZlcnNpb24iOiIxIn0="
        }
      ]
    },
    {
      "mode": "managed",
      "type": "aws_volume_attachment",
      "name": "ghes_ebs_attachment",
      "provider": "provider[\"registry.terraform.io/hashicorp/aws\"]",
      "instances": [
        {
          "schema_version": 0,
          "attributes": {
            "device_name": "/dev/sdh",
            "force_detach": null,
            "id": "vai-1968795454",
            "instance_id": "i-055bc7126ab3305fc",
            "skip_destroy": null,
            "stop_instance_before_detaching": null,
            "timeouts": null,
            "volume_id": "vol-0578932c5dd5c723d"
          },
          "sensitive_attributes": [],
          "private": "eyJlMmJmYjczMC1lY2FhLTExZTYtOGY4OC0zNDM2M2JjN2M0YzAiOnsiY3JlYXRlIjozMDAwMDAwMDAwMDAsImRlbGV0ZSI6MzAwMDAwMDAwMDAwfX0=",
          "dependencies": [
            "aws_ebs_volume.ghes_data_ebs",
            "aws_instance.ghes_ec2",
            "aws_key_pair.ghes_kp",
            "aws_security_group.ghes_sg",
            "data.aws_ami.ghes_ami"
          ]
        }
      ]
    }
  ],
  "check_results": null
}
